
Microsoft Visual Studio Solution File, Format Version 12.00
# Visual Studio Version 16
VisualStudioVersion = 16.0.30711.63
MinimumVisualStudioVersion = 10.0.40219.1
Project("{9A19103F-16F7-4668-BE54-9A1E7A4F7556}") = "DATAflor.Dfdoc", "DATAflor.Dfdoc\DATAflor.Dfdoc.csproj", "{7B4058AE-E95F-48CF-93A2-643157DF54F4}"
EndProject
Project("{9A19103F-16F7-4668-BE54-9A1E7A4F7556}") = "DATAflor.DfDoc.Tests", "DATAflor.DfDoc.Tests\DATAflor.DfDoc.Tests.csproj", "{17468506-FC6E-4608-B0A6-23E3120A41A3}"
EndProject
Project("{9A19103F-16F7-4668-BE54-9A1E7A4F7556}") = "DATAflor.Dfdoc.Tool", "DATAflor.Dfdoc.Tool\DATAflor.Dfdoc.Tool.csproj", "{C59D6623-64AA-438A-BD12-506C248563E4}"
EndProject
Global
	GlobalSection(SolutionConfigurationPlatforms) = preSolution
		Debug|Any CPU = Debug|Any CPU
		Release|Any CPU = Release|Any CPU
	EndGlobalSection
	GlobalSection(ProjectConfigurationPlatforms) = postSolution
		{7B4058AE-E95F-48CF-93A2-643157DF54F4}.Debug|Any CPU.ActiveCfg = Debug|Any CPU
		{7B4058AE-E95F-48CF-93A2-643157DF54F4}.Debug|Any CPU.Build.0 = Debug|Any CPU
		{7B4058AE-E95F-48CF-93A2-643157DF54F4}.Release|Any CPU.ActiveCfg = Release|Any CPU
		{7B4058AE-E95F-48CF-93A2-643157DF54F4}.Release|Any CPU.Build.0 = Release|Any CPU
		{17468506-FC6E-4608-B0A6-23E3120A41A3}.Debug|Any CPU.ActiveCfg = Debug|Any CPU
		{17468506-FC6E-4608-B0A6-23E3120A41A3}.Debug|Any CPU.Build.0 = Debug|Any CPU
		{17468506-FC6E-4608-B0A6-23E3120A41A3}.Release|Any CPU.ActiveCfg = Release|Any CPU
		{17468506-FC6E-4608-B0A6-23E3120A41A3}.Release|Any CPU.Build.0 = Release|Any CPU
		{C59D6623-64AA-438A-BD12-506C248563E4}.Debug|Any CPU.ActiveCfg = Debug|Any CPU
		{C59D6623-64AA-438A-BD12-506C248563E4}.Debug|Any CPU.Build.0 = Debug|Any CPU
		{C59D6623-64AA-438A-BD12-506C248563E4}.Release|Any CPU.ActiveCfg = Release|Any CPU
		{C59D6623-64AA-438A-BD12-506C248563E4}.Release|Any CPU.Build.0 = Release|Any CPU
	EndGlobalSection
	GlobalSection(SolutionProperties) = preSolution
		HideSolutionNode = FALSE
	EndGlobalSection
	GlobalSection(ExtensibilityGlobals) = postSolution
		SolutionGuid = {6D69BD7E-19FA-45CF-8F0A-6581B33B98F8}
	EndGlobalSection
EndGlobal
